{
  "name": "my-cnocr",
  "lockfileVersion": 3,
  "requires": true,
  "packages": {
    "": {
      "dependencies": {
        "imghdr": "^0.1.6"
      }
    },
    "node_modules/imghdr": {
      "version": "0.1.6",
      "resolved": "https://registry.npmjs.org/imghdr/-/imghdr-0.1.6.tgz",
      "integrity": "sha512-6MgoecKWU05wsblAfk3qkrCZ1/wWhvRdsxhnb12EKJXQ1vMqh4G8a1zA8YcMuOiUiQuw2agmcDO+V/aw+4WyWQ=="
    }
  }
}
